
Microsoft Visual Studio Solution File, Format Version 12.00
# Visual Studio Version 16
VisualStudioVersion = 16.0.30907.101
MinimumVisualStudioVersion = 10.0.40219.1
Project("{FAE04EC0-301F-11D3-BF4B-00C04F79EFBC}") = "2-ReferenciandoObjetos", "2-ReferenciandoObjetos\2-ReferenciandoObjetos.csproj", "{7321BF63-3E59-40EC-883B-0585961C0EE3}"
EndProject
Project("{FAE04EC0-301F-11D3-BF4B-00C04F79EFBC}") = "1-AlocacaoMemoriaDotNet", "1-AlocacaoMemoriaDotNet\1-AlocacaoMemoriaDotNet.csproj", "{4EF9CACE-2BB8-4A91-8829-C06873778322}"
EndProject
Project("{FAE04EC0-301F-11D3-BF4B-00C04F79EFBC}") = "3-EstruturasCSharp", "3-EstruturasCSharp\3-EstruturasCSharp.csproj", "{1A4DEE79-DDB8-45DA-B8C0-378F1F5F3375}"
EndProject
Project("{FAE04EC0-301F-11D3-BF4B-00C04F79EFBC}") = "4-ConstrutoresEOverloads", "4-ConstrutoresEOverloads\4-ConstrutoresEOverloads.csproj", "{320236A4-EDA1-4CB6-9BB0-BDDAC6890191}"
EndProject
Project("{FAE04EC0-301F-11D3-BF4B-00C04F79EFBC}") = "5-MetodosAcessores", "5-MetodosAcessores\5-MetodosAcessores.csproj", "{88F40960-5872-4299-B6E0-8E1B57293120}"
EndProject
Project("{FAE04EC0-301F-11D3-BF4B-00C04F79EFBC}") = "6-AcessoresEPropriedades", "6-AcessoresEPropriedades\6-AcessoresEPropriedades.csproj", "{351E8D02-1E97-4620-932F-82CFC6F40A44}"
EndProject
Project("{FAE04EC0-301F-11D3-BF4B-00C04F79EFBC}") = "7-PropriedadesAutomaticas", "7-PropriedadesAutomaticas\7-PropriedadesAutomaticas.csproj", "{72B016BA-905D-4705-8A17-DD178532BF6E}"
EndProject
Project("{FAE04EC0-301F-11D3-BF4B-00C04F79EFBC}") = "8-InicializadoresDeObjetos", "8-InicializadoresDeObjetos\8-InicializadoresDeObjetos.csproj", "{7FDEDA00-D5A6-41E3-A2E8-9B6693BF6AED}"
EndProject
Project("{FAE04EC0-301F-11D3-BF4B-00C04F79EFBC}") = "9-TiposDeInferenciaEDynamic", "9-TiposDeInferenciaEDynamic\9-TiposDeInferenciaEDynamic.csproj", "{B3842A92-2690-4A54-9B6E-34B815FFB20D}"
EndProject
Project("{FAE04EC0-301F-11D3-BF4B-00C04F79EFBC}") = "10-ClassesEstaticasEMembrosEstaticos", "10-ClassesEstaticasEMembrosEstaticos\10-ClassesEstaticasEMembrosEstaticos.csproj", "{43034A05-EEE8-4D72-9370-7AE65B906393}"
EndProject
Project("{FAE04EC0-301F-11D3-BF4B-00C04F79EFBC}") = "11-MetodosDeExtensao", "11-MetodosDeExtensao\11-MetodosDeExtensao.csproj", "{D6AB7A0B-954A-4812-8EA2-27C3E51D9AE3}"
EndProject
Project("{9A19103F-16F7-4668-BE54-9A1E7A4F7556}") = "12-ClassesParciais", "12-ClassesParciais\12-ClassesParciais.csproj", "{628B1017-F190-4F01-BD6B-9822A14EF429}"
EndProject
Project("{FAE04EC0-301F-11D3-BF4B-00C04F79EFBC}") = "13-ClassesGenericas", "13-ClassesGenericas\13-ClassesGenericas.csproj", "{61E63A79-EF13-4BE5-AA64-6B27CE6F2CE1}"
EndProject
Project("{FAE04EC0-301F-11D3-BF4B-00C04F79EFBC}") = "14-ParametrosNomeados", "14-ParametrosNomeados\14-ParametrosNomeados.csproj", "{FDEF4E04-A3D6-4B7C-A83C-EFC6AAC70DE2}"
EndProject
Project("{FAE04EC0-301F-11D3-BF4B-00C04F79EFBC}") = "15-ParametrosOpcionais", "15-ParametrosOpcionais\15-ParametrosOpcionais.csproj", "{AFB14741-5C02-4EA4-9F30-237B098DF239}"
EndProject
Global
	GlobalSection(SolutionConfigurationPlatforms) = preSolution
		Debug|Any CPU = Debug|Any CPU
		Release|Any CPU = Release|Any CPU
	EndGlobalSection
	GlobalSection(ProjectConfigurationPlatforms) = postSolution
		{7321BF63-3E59-40EC-883B-0585961C0EE3}.Debug|Any CPU.ActiveCfg = Debug|Any CPU
		{7321BF63-3E59-40EC-883B-0585961C0EE3}.Debug|Any CPU.Build.0 = Debug|Any CPU
		{7321BF63-3E59-40EC-883B-0585961C0EE3}.Release|Any CPU.ActiveCfg = Release|Any CPU
		{7321BF63-3E59-40EC-883B-0585961C0EE3}.Release|Any CPU.Build.0 = Release|Any CPU
		{4EF9CACE-2BB8-4A91-8829-C06873778322}.Debug|Any CPU.ActiveCfg = Debug|Any CPU
		{4EF9CACE-2BB8-4A91-8829-C06873778322}.Debug|Any CPU.Build.0 = Debug|Any CPU
		{4EF9CACE-2BB8-4A91-8829-C06873778322}.Release|Any CPU.ActiveCfg = Release|Any CPU
		{4EF9CACE-2BB8-4A91-8829-C06873778322}.Release|Any CPU.Build.0 = Release|Any CPU
		{1A4DEE79-DDB8-45DA-B8C0-378F1F5F3375}.Debug|Any CPU.ActiveCfg = Debug|Any CPU
		{1A4DEE79-DDB8-45DA-B8C0-378F1F5F3375}.Debug|Any CPU.Build.0 = Debug|Any CPU
		{1A4DEE79-DDB8-45DA-B8C0-378F1F5F3375}.Release|Any CPU.ActiveCfg = Release|Any CPU
		{1A4DEE79-DDB8-45DA-B8C0-378F1F5F3375}.Release|Any CPU.Build.0 = Release|Any CPU
		{320236A4-EDA1-4CB6-9BB0-BDDAC6890191}.Debug|Any CPU.ActiveCfg = Debug|Any CPU
		{320236A4-EDA1-4CB6-9BB0-BDDAC6890191}.Debug|Any CPU.Build.0 = Debug|Any CPU
		{320236A4-EDA1-4CB6-9BB0-BDDAC6890191}.Release|Any CPU.ActiveCfg = Release|Any CPU
		{320236A4-EDA1-4CB6-9BB0-BDDAC6890191}.Release|Any CPU.Build.0 = Release|Any CPU
		{88F40960-5872-4299-B6E0-8E1B57293120}.Debug|Any CPU.ActiveCfg = Debug|Any CPU
		{88F40960-5872-4299-B6E0-8E1B57293120}.Debug|Any CPU.Build.0 = Debug|Any CPU
		{88F40960-5872-4299-B6E0-8E1B57293120}.Release|Any CPU.ActiveCfg = Release|Any CPU
		{88F40960-5872-4299-B6E0-8E1B57293120}.Release|Any CPU.Build.0 = Release|Any CPU
		{351E8D02-1E97-4620-932F-82CFC6F40A44}.Debug|Any CPU.ActiveCfg = Debug|Any CPU
		{351E8D02-1E97-4620-932F-82CFC6F40A44}.Debug|Any CPU.Build.0 = Debug|Any CPU
		{351E8D02-1E97-4620-932F-82CFC6F40A44}.Release|Any CPU.ActiveCfg = Release|Any CPU
		{351E8D02-1E97-4620-932F-82CFC6F40A44}.Release|Any CPU.Build.0 = Release|Any CPU
		{72B016BA-905D-4705-8A17-DD178532BF6E}.Debug|Any CPU.ActiveCfg = Debug|Any CPU
		{72B016BA-905D-4705-8A17-DD178532BF6E}.Debug|Any CPU.Build.0 = Debug|Any CPU
		{72B016BA-905D-4705-8A17-DD178532BF6E}.Release|Any CPU.ActiveCfg = Release|Any CPU
		{72B016BA-905D-4705-8A17-DD178532BF6E}.Release|Any CPU.Build.0 = Release|Any CPU
		{7FDEDA00-D5A6-41E3-A2E8-9B6693BF6AED}.Debug|Any CPU.ActiveCfg = Debug|Any CPU
		{7FDEDA00-D5A6-41E3-A2E8-9B6693BF6AED}.Debug|Any CPU.Build.0 = Debug|Any CPU
		{7FDEDA00-D5A6-41E3-A2E8-9B6693BF6AED}.Release|Any CPU.ActiveCfg = Release|Any CPU
		{7FDEDA00-D5A6-41E3-A2E8-9B6693BF6AED}.Release|Any CPU.Build.0 = Release|Any CPU
		{B3842A92-2690-4A54-9B6E-34B815FFB20D}.Debug|Any CPU.ActiveCfg = Debug|Any CPU
		{B3842A92-2690-4A54-9B6E-34B815FFB20D}.Debug|Any CPU.Build.0 = Debug|Any CPU
		{B3842A92-2690-4A54-9B6E-34B815FFB20D}.Release|Any CPU.ActiveCfg = Release|Any CPU
		{B3842A92-2690-4A54-9B6E-34B815FFB20D}.Release|Any CPU.Build.0 = Release|Any CPU
		{43034A05-EEE8-4D72-9370-7AE65B906393}.Debug|Any CPU.ActiveCfg = Debug|Any CPU
		{43034A05-EEE8-4D72-9370-7AE65B906393}.Debug|Any CPU.Build.0 = Debug|Any CPU
		{43034A05-EEE8-4D72-9370-7AE65B906393}.Release|Any CPU.ActiveCfg = Release|Any CPU
		{43034A05-EEE8-4D72-9370-7AE65B906393}.Release|Any CPU.Build.0 = Release|Any CPU
		{D6AB7A0B-954A-4812-8EA2-27C3E51D9AE3}.Debug|Any CPU.ActiveCfg = Debug|Any CPU
		{D6AB7A0B-954A-4812-8EA2-27C3E51D9AE3}.Debug|Any CPU.Build.0 = Debug|Any CPU
		{D6AB7A0B-954A-4812-8EA2-27C3E51D9AE3}.Release|Any CPU.ActiveCfg = Release|Any CPU
		{D6AB7A0B-954A-4812-8EA2-27C3E51D9AE3}.Release|Any CPU.Build.0 = Release|Any CPU
		{628B1017-F190-4F01-BD6B-9822A14EF429}.Debug|Any CPU.ActiveCfg = Debug|Any CPU
		{628B1017-F190-4F01-BD6B-9822A14EF429}.Debug|Any CPU.Build.0 = Debug|Any CPU
		{628B1017-F190-4F01-BD6B-9822A14EF429}.Release|Any CPU.ActiveCfg = Release|Any CPU
		{628B1017-F190-4F01-BD6B-9822A14EF429}.Release|Any CPU.Build.0 = Release|Any CPU
		{61E63A79-EF13-4BE5-AA64-6B27CE6F2CE1}.Debug|Any CPU.ActiveCfg = Debug|Any CPU
		{61E63A79-EF13-4BE5-AA64-6B27CE6F2CE1}.Debug|Any CPU.Build.0 = Debug|Any CPU
		{61E63A79-EF13-4BE5-AA64-6B27CE6F2CE1}.Release|Any CPU.ActiveCfg = Release|Any CPU
		{61E63A79-EF13-4BE5-AA64-6B27CE6F2CE1}.Release|Any CPU.Build.0 = Release|Any CPU
		{FDEF4E04-A3D6-4B7C-A83C-EFC6AAC70DE2}.Debug|Any CPU.ActiveCfg = Debug|Any CPU
		{FDEF4E04-A3D6-4B7C-A83C-EFC6AAC70DE2}.Debug|Any CPU.Build.0 = Debug|Any CPU
		{FDEF4E04-A3D6-4B7C-A83C-EFC6AAC70DE2}.Release|Any CPU.ActiveCfg = Release|Any CPU
		{FDEF4E04-A3D6-4B7C-A83C-EFC6AAC70DE2}.Release|Any CPU.Build.0 = Release|Any CPU
		{AFB14741-5C02-4EA4-9F30-237B098DF239}.Debug|Any CPU.ActiveCfg = Debug|Any CPU
		{AFB14741-5C02-4EA4-9F30-237B098DF239}.Debug|Any CPU.Build.0 = Debug|Any CPU
		{AFB14741-5C02-4EA4-9F30-237B098DF239}.Release|Any CPU.ActiveCfg = Release|Any CPU
		{AFB14741-5C02-4EA4-9F30-237B098DF239}.Release|Any CPU.Build.0 = Release|Any CPU
	EndGlobalSection
	GlobalSection(SolutionProperties) = preSolution
		HideSolutionNode = FALSE
	EndGlobalSection
	GlobalSection(ExtensibilityGlobals) = postSolution
		SolutionGuid = {CB56F732-2789-4E83-BC6F-E86FB8ECC3EF}
	EndGlobalSection
EndGlobal
