
Microsoft Visual Studio Solution File, Format Version 12.00
# Visual Studio Version 16
VisualStudioVersion = 16.0.30907.101
MinimumVisualStudioVersion = 10.0.40219.1
Project("{FAE04EC0-301F-11D3-BF4B-00C04F79EFBC}") = "1-AlocacaoMemoriaDotNet", "TrabalhandoComTipoEObjetos\1-AlocacaoMemoriaDotNet.csproj", "{4EF9CACE-2BB8-4A91-8829-C06873778322}"
EndProject
Project("{FAE04EC0-301F-11D3-BF4B-00C04F79EFBC}") = "2-ReferenciandoObjetos", "2-ReferenciandoObjetos\2-ReferenciandoObjetos.csproj", "{7321BF63-3E59-40EC-883B-0585961C0EE3}"
EndProject
Global
	GlobalSection(SolutionConfigurationPlatforms) = preSolution
		Debug|Any CPU = Debug|Any CPU
		Release|Any CPU = Release|Any CPU
	EndGlobalSection
	GlobalSection(ProjectConfigurationPlatforms) = postSolution
		{4EF9CACE-2BB8-4A91-8829-C06873778322}.Debug|Any CPU.ActiveCfg = Debug|Any CPU
		{4EF9CACE-2BB8-4A91-8829-C06873778322}.Debug|Any CPU.Build.0 = Debug|Any CPU
		{4EF9CACE-2BB8-4A91-8829-C06873778322}.Release|Any CPU.ActiveCfg = Release|Any CPU
		{4EF9CACE-2BB8-4A91-8829-C06873778322}.Release|Any CPU.Build.0 = Release|Any CPU
		{7321BF63-3E59-40EC-883B-0585961C0EE3}.Debug|Any CPU.ActiveCfg = Debug|Any CPU
		{7321BF63-3E59-40EC-883B-0585961C0EE3}.Debug|Any CPU.Build.0 = Debug|Any CPU
		{7321BF63-3E59-40EC-883B-0585961C0EE3}.Release|Any CPU.ActiveCfg = Release|Any CPU
		{7321BF63-3E59-40EC-883B-0585961C0EE3}.Release|Any CPU.Build.0 = Release|Any CPU
	EndGlobalSection
	GlobalSection(SolutionProperties) = preSolution
		HideSolutionNode = FALSE
	EndGlobalSection
	GlobalSection(ExtensibilityGlobals) = postSolution
		SolutionGuid = {CB56F732-2789-4E83-BC6F-E86FB8ECC3EF}
	EndGlobalSection
EndGlobal
